<?xml version="1.0" encoding="utf-8"?>
<Project ToolsVersion="4.0" xmlns="http://schemas.microsoft.com/developer/msbuild/2003">
  <ItemGroup>
    <Filter Include="Source Files">
      <UniqueIdentifier>{4FC737F1-C7A5-4376-A066-2A32D752A2FF}</UniqueIdentifier>
      <Extensions>cpp;c;cc;cxx;def;odl;idl;hpj;bat;asm;asmx</Extensions>
    </Filter>
    <Filter Include="Header Files">
      <UniqueIdentifier>{93995380-89BD-4b04-88EB-625FBE52EBFB}</UniqueIdentifier>
      <Extensions>h;hh;hpp;hxx;hm;inl;inc;xsd</Extensions>
    </Filter>
    <Filter Include="Resource Files">
      <UniqueIdentifier>{D9D6E242-F8AF-46E4-B9FD-80ECBC20BA3E}</UniqueIdentifier>
      <Extensions>qrc;*</Extensions>
      <ParseFiles>false</ParseFiles>
    </Filter>
    <Filter Include="Form Files">
      <UniqueIdentifier>{99349809-55BA-4b9d-BF79-8FDBB0286EB3}</UniqueIdentifier>
      <Extensions>ui</Extensions>
    </Filter>
    <Filter Include="Resource Files">
      <UniqueIdentifier>{D9D6E242-F8AF-46E4-B9FD-80ECBC20BA3E}</UniqueIdentifier>
      <Extensions>qrc;*</Extensions>
      <ParseFiles>false</ParseFiles>
    </Filter>
    <Filter Include="Translation Files">
      <UniqueIdentifier>{639EADAA-A684-42e4-A9AD-28FC9BCB8F7C}</UniqueIdentifier>
      <Extensions>ts</Extensions>
      <ParseFiles>false</ParseFiles>
    </Filter>
  </ItemGroup>
  <ItemGroup>
    <ClCompile Include="src\HackersMCLauncher.cpp">
      <Filter>Source Files</Filter>
    </ClCompile>
    <ClCompile Include="src\main.cpp">
      <Filter>Source Files</Filter>
    </ClCompile>
    <ClCompile Include="src\Util\UIHelper.cpp">
      <Filter>Source Files</Filter>
    </ClCompile>
    <ClCompile Include="src\Model\UsersListModel.cpp">
      <Filter>Source Files</Filter>
    </ClCompile>
    <ClCompile Include="src\Model\User.cpp">
      <Filter>Source Files</Filter>
    </ClCompile>
    <ClCompile Include="src\Form\UserForm.cpp">
      <Filter>Source Files</Filter>
    </ClCompile>
    <ClCompile Include="src\Form\Form.cpp">
      <Filter>Source Files</Filter>
    </ClCompile>
    <ClCompile Include="src\Form\SettingsForm.cpp">
      <Filter>Source Files</Filter>
    </ClCompile>
    <ClCompile Include="src\Model\RepositoriesModel.cpp">
      <Filter>Source Files</Filter>
    </ClCompile>
    <ClCompile Include="src\Model\ProfilesListModel.cpp">
      <Filter>Source Files</Filter>
    </ClCompile>
    <ClCompile Include="src\Form\ProfileForm.cpp">
      <Filter>Source Files</Filter>
    </ClCompile>
    <ClCompile Include="src\Form\VersionChooserForm.cpp">
      <Filter>Source Files</Filter>
    </ClCompile>
    <ClCompile Include="src\Model\VersionTreeModel.cpp">
      <Filter>Source Files</Filter>
    </ClCompile>
    <ClCompile Include="src\Model\Profile.cpp">
      <Filter>Source Files</Filter>
    </ClCompile>
    <ClCompile Include="src\Model\Repository.cpp">
      <Filter>Source Files</Filter>
    </ClCompile>
    <ClCompile Include="src\Model\FilterProxyModel.cpp">
      <Filter>Source Files</Filter>
    </ClCompile>
    <ClCompile Include="src\Settings.cpp">
      <Filter>Source Files</Filter>
    </ClCompile>
    <ClCompile Include="src\Util\StringHelper.cpp">
      <Filter>Source Files</Filter>
    </ClCompile>
    <ClCompile Include="src\Model\GameArgsListModel.cpp">
      <Filter>Source Files</Filter>
    </ClCompile>
    <ClCompile Include="src\Model\JavaArgsListModel.cpp">
      <Filter>Source Files</Filter>
    </ClCompile>
    <ClCompile Include="src\Layout\StackedLayout.cpp">
      <Filter>Source Files</Filter>
    </ClCompile>
    <ClCompile Include="src\Util\UIThread.cpp">
      <Filter>Source Files</Filter>
    </ClCompile>
    <ClCompile Include="src\Util\Crypto.cpp">
      <Filter>Source Files</Filter>
    </ClCompile>
    <ClCompile Include="src\Model\DownloadsModel.cpp">
      <Filter>Source Files</Filter>
    </ClCompile>
    <ClCompile Include="src\Model\ClasspathListModel.cpp">
      <Filter>Source Files</Filter>
    </ClCompile>
    <ClCompile Include="src\Util\VariableHelper.cpp">
      <Filter>Source Files</Filter>
    </ClCompile>
  </ItemGroup>
  <ItemGroup>
    <QtUic Include="ui\HackersMCLauncher.ui">
      <Filter>Form Files</Filter>
    </QtUic>
    <QtUic Include="ui\UserForm.ui">
      <Filter>Form Files</Filter>
    </QtUic>
    <QtUic Include="ui\SettingsForm.ui">
      <Filter>Form Files</Filter>
    </QtUic>
    <QtUic Include="ui\ProfileForm.ui">
      <Filter>Form Files</Filter>
    </QtUic>
    <QtUic Include="ui\VersionChooserForm.ui">
      <Filter>Form Files</Filter>
    </QtUic>
  </ItemGroup>
  <ItemGroup>
    <QtRcc Include="assets\HackersMCLauncher.qrc">
      <Filter>Resource Files</Filter>
    </QtRcc>
  </ItemGroup>
  <ItemGroup>
    <QtMoc Include="src\HackersMCLauncher.h">
      <Filter>Header Files</Filter>
    </QtMoc>
    <QtMoc Include="src\Model\UsersListModel.h">
      <Filter>Header Files</Filter>
    </QtMoc>
    <QtMoc Include="src\Form\UserForm.h">
      <Filter>Header Files</Filter>
    </QtMoc>
    <QtMoc Include="src\Form\Form.h">
      <Filter>Header Files</Filter>
    </QtMoc>
    <QtMoc Include="src\Form\SettingsForm.h">
      <Filter>Header Files</Filter>
    </QtMoc>
    <QtMoc Include="src\Model\RepositoriesModel.h">
      <Filter>Header Files</Filter>
    </QtMoc>
    <QtMoc Include="src\Model\ProfilesListModel.h">
      <Filter>Header Files</Filter>
    </QtMoc>
    <QtMoc Include="src\Form\ProfileForm.h">
      <Filter>Header Files</Filter>
    </QtMoc>
    <QtMoc Include="src\Form\VersionChooserForm.h">
      <Filter>Header Files</Filter>
    </QtMoc>
    <QtMoc Include="src\Model\VersionTreeModel.h">
      <Filter>Header Files</Filter>
    </QtMoc>
    <QtMoc Include="src\Model\FilterProxyModel.h">
      <Filter>Header Files</Filter>
    </QtMoc>
    <QtMoc Include="src\Model\GameArgsListModel.h">
      <Filter>Header Files</Filter>
    </QtMoc>
    <QtMoc Include="src\Model\JavaArgsListModel.h">
      <Filter>Header Files</Filter>
    </QtMoc>
    <QtMoc Include="src\Layout\StackedLayout.h">
      <Filter>Header Files</Filter>
    </QtMoc>
    <QtMoc Include="src\Util\UIThread.h">
      <Filter>Header Files</Filter>
    </QtMoc>
    <QtMoc Include="src\Model\DownloadsModel.h">
      <Filter>Header Files</Filter>
    </QtMoc>
    <QtMoc Include="src\Model\ClasspathListModel.h">
      <Filter>Header Files</Filter>
    </QtMoc>
  </ItemGroup>
  <ItemGroup>
    <ClInclude Include="src\Util\UIHelper.h">
      <Filter>Header Files</Filter>
    </ClInclude>
    <ClInclude Include="src\Model\User.h">
      <Filter>Header Files</Filter>
    </ClInclude>
    <ClInclude Include="src\Model\Profile.h">
      <Filter>Header Files</Filter>
    </ClInclude>
    <ClInclude Include="src\Model\Repository.h">
      <Filter>Header Files</Filter>
    </ClInclude>
    <ClInclude Include="src\Settings.h">
      <Filter>Header Files</Filter>
    </ClInclude>
    <ClInclude Include="src\Util\SimpleTreeItem.h">
      <Filter>Header Files</Filter>
    </ClInclude>
    <ClInclude Include="src\Util\StringHelper.h">
      <Filter>Header Files</Filter>
    </ClInclude>
    <ClInclude Include="src\Util\LambdaTask.h">
      <Filter>Header Files</Filter>
    </ClInclude>
    <ClInclude Include="src\Util\Crypto.h">
      <Filter>Header Files</Filter>
    </ClInclude>
    <ClInclude Include="src\Util\VariableHelper.h">
      <Filter>Header Files</Filter>
    </ClInclude>
  </ItemGroup>
  <ItemGroup>
    <None Include="translations\hackersmclauncher_ru_RU.ts">
      <Filter>Translation Files</Filter>
    </None>
  </ItemGroup>
</Project>